// !$*UTF8*$!
{
	archiveVersion = 1;
	classes = {
	};
	objectVersion = 50;
	objects = {

/* Begin PBXBuildFile section */
		2E1D613025E73E5500F4EBAB /* Box.m in Sources */ = {isa = PBXBuildFile; fileRef = 2E1D612D25E73E5500F4EBAB /* Box.m */; };
		2E1D613125E73E5500F4EBAB /* main.m in Sources */ = {isa = PBXBuildFile; fileRef = 2E1D612E25E73E5500F4EBAB /* main.m */; };
		2E1D613B25E73EA300F4EBAB /* main.m in Sources */ = {isa = PBXBuildFile; fileRef = 2E1D613A25E73EA300F4EBAB /* main.m */; };
		2E1D615725E742AA00F4EBAB /* main.m in Sources */ = {isa = PBXBuildFile; fileRef = 2E1D615625E742AA00F4EBAB /* main.m */; };
		2E1D616625E8219E00F4EBAB /* AdditionQuestion.m in Sources */ = {isa = PBXBuildFile; fileRef = 2E1D616525E8219E00F4EBAB /* AdditionQuestion.m */; };
		2E1D616C25E82C6200F4EBAB /* InputHandler.m in Sources */ = {isa = PBXBuildFile; fileRef = 2E1D616B25E82C6200F4EBAB /* InputHandler.m */; };
		2E1D617225E8322000F4EBAB /* ScoreKeeper.m in Sources */ = {isa = PBXBuildFile; fileRef = 2E1D617125E8322000F4EBAB /* ScoreKeeper.m */; };
		2E1D618025E869DF00F4EBAB /* main.m in Sources */ = {isa = PBXBuildFile; fileRef = 2E1D617F25E869DF00F4EBAB /* main.m */; };
		2E1D618B25E976F800F4EBAB /* InputCollector.m in Sources */ = {isa = PBXBuildFile; fileRef = 2E1D618A25E976F800F4EBAB /* InputCollector.m */; };
		2E1D619225E9CC6D00F4EBAB /* Contact.m in Sources */ = {isa = PBXBuildFile; fileRef = 2E1D619125E9CC6D00F4EBAB /* Contact.m */; };
		2E1D619925EAE08F00F4EBAB /* ContactList.m in Sources */ = {isa = PBXBuildFile; fileRef = 2E1D619825EAE08F00F4EBAB /* ContactList.m */; };
		2E1D61AE25EEBD6600F4EBAB /* QuestionManager.m in Sources */ = {isa = PBXBuildFile; fileRef = 2E1D61AD25EEBD6600F4EBAB /* QuestionManager.m */; };
		2E5EF5B125F00FD900F4488C /* Question.m in Sources */ = {isa = PBXBuildFile; fileRef = 2E5EF5B025F00FD900F4488C /* Question.m */; };
		2E5EF5B825F025D800F4488C /* SubstractionQuestion.m in Sources */ = {isa = PBXBuildFile; fileRef = 2E5EF5B725F025D800F4488C /* SubstractionQuestion.m */; };
		2E5EF5BF25F028E200F4488C /* QuestionFactory.m in Sources */ = {isa = PBXBuildFile; fileRef = 2E5EF5BE25F028E200F4488C /* QuestionFactory.m */; };
		2E5FDB7725F0790100653BCD /* main.m in Sources */ = {isa = PBXBuildFile; fileRef = 2E5FDB7625F0790100653BCD /* main.m */; };
		2E5FDB8225F085BF00653BCD /* PaymentGateway.m in Sources */ = {isa = PBXBuildFile; fileRef = 2E5FDB8125F085BF00653BCD /* PaymentGateway.m */; };
		2E5FDB8A25F0C35800653BCD /* StripePaymentService.m in Sources */ = {isa = PBXBuildFile; fileRef = 2E5FDB8925F0C35800653BCD /* StripePaymentService.m */; };
		2E5FDB9225F0C37000653BCD /* PaypalPaymentService.m in Sources */ = {isa = PBXBuildFile; fileRef = 2E5FDB9125F0C37000653BCD /* PaypalPaymentService.m */; };
		2E5FDB9A25F0C38600653BCD /* AmazonPaymentService.m in Sources */ = {isa = PBXBuildFile; fileRef = 2E5FDB9925F0C38600653BCD /* AmazonPaymentService.m */; };
		2E5FDBA325F15C2600653BCD /* ApplePaymentService.m in Sources */ = {isa = PBXBuildFile; fileRef = 2E5FDBA225F15C2600653BCD /* ApplePaymentService.m */; };
		2E5FDBB025F160A500653BCD /* main.m in Sources */ = {isa = PBXBuildFile; fileRef = 2E5FDBAF25F160A500653BCD /* main.m */; };
		2E5FDC1925F16A5B00653BCD /* Greeter.m in Sources */ = {isa = PBXBuildFile; fileRef = 2E5FDBDB25F168EC00653BCD /* Greeter.m */; };
		2E5FDC1A25F16A5B00653BCD /* FriendlyGreetingDecider.m in Sources */ = {isa = PBXBuildFile; fileRef = 2E5FDBE425F168F800653BCD /* FriendlyGreetingDecider.m */; };
		2E5FDC5225F1A2A300653BCD /* Pizza.m in Sources */ = {isa = PBXBuildFile; fileRef = 2E5FDC4C25F1A2A200653BCD /* Pizza.m */; };
		2E5FDC5325F1A2A300653BCD /* Kitchen.m in Sources */ = {isa = PBXBuildFile; fileRef = 2E5FDC4E25F1A2A200653BCD /* Kitchen.m */; };
		2E5FDC5425F1A2A300653BCD /* main.m in Sources */ = {isa = PBXBuildFile; fileRef = 2E5FDC5125F1A2A300653BCD /* main.m */; };
/* End PBXBuildFile section */

/* Begin PBXCopyFilesBuildPhase section */
		2E1D612225E73E2800F4EBAB /* CopyFiles */ = {
			isa = PBXCopyFilesBuildPhase;
			buildActionMask = 2147483647;
			dstPath = /usr/share/man/man1/;
			dstSubfolderSpec = 0;
			files = (
			);
			runOnlyForDeploymentPostprocessing = 1;
		};
		2E1D613625E73EA300F4EBAB /* CopyFiles */ = {
			isa = PBXCopyFilesBuildPhase;
			buildActionMask = 2147483647;
			dstPath = /usr/share/man/man1/;
			dstSubfolderSpec = 0;
			files = (
			);
			runOnlyForDeploymentPostprocessing = 1;
		};
		2E1D615225E742AA00F4EBAB /* CopyFiles */ = {
			isa = PBXCopyFilesBuildPhase;
			buildActionMask = 2147483647;
			dstPath = /usr/share/man/man1/;
			dstSubfolderSpec = 0;
			files = (
			);
			runOnlyForDeploymentPostprocessing = 1;
		};
		2E1D617B25E869DF00F4EBAB /* CopyFiles */ = {
			isa = PBXCopyFilesBuildPhase;
			buildActionMask = 2147483647;
			dstPath = /usr/share/man/man1/;
			dstSubfolderSpec = 0;
			files = (
			);
			runOnlyForDeploymentPostprocessing = 1;
		};
		2E5FDB7225F0790100653BCD /* CopyFiles */ = {
			isa = PBXCopyFilesBuildPhase;
			buildActionMask = 2147483647;
			dstPath = /usr/share/man/man1/;
			dstSubfolderSpec = 0;
			files = (
			);
			runOnlyForDeploymentPostprocessing = 1;
		};
		2E5FDBAB25F160A500653BCD /* CopyFiles */ = {
			isa = PBXCopyFilesBuildPhase;
			buildActionMask = 2147483647;
			dstPath = /usr/share/man/man1/;
			dstSubfolderSpec = 0;
			files = (
			);
			runOnlyForDeploymentPostprocessing = 1;
		};
		2E5FDBF925F1699B00653BCD /* CopyFiles */ = {
			isa = PBXCopyFilesBuildPhase;
			buildActionMask = 2147483647;
			dstPath = /usr/share/man/man1/;
			dstSubfolderSpec = 0;
			files = (
			);
			runOnlyForDeploymentPostprocessing = 1;
		};
		2E5FDC3B25F1A1CD00653BCD /* CopyFiles */ = {
			isa = PBXCopyFilesBuildPhase;
			buildActionMask = 2147483647;
			dstPath = /usr/share/man/man1/;
			dstSubfolderSpec = 0;
			files = (
			);
			runOnlyForDeploymentPostprocessing = 1;
		};
/* End PBXCopyFilesBuildPhase section */

/* Begin PBXFileReference section */
		2E1D612425E73E2800F4EBAB /* Lab2 */ = {isa = PBXFileReference; explicitFileType = "compiled.mach-o.executable"; includeInIndex = 0; path = Lab2; sourceTree = BUILT_PRODUCTS_DIR; };
		2E1D612D25E73E5500F4EBAB /* Box.m */ = {isa = PBXFileReference; fileEncoding = 4; lastKnownFileType = sourcecode.c.objc; name = Box.m; path = ../../Lab1/Lab2/Box.m; sourceTree = "<group>"; };
		2E1D612E25E73E5500F4EBAB /* main.m */ = {isa = PBXFileReference; fileEncoding = 4; lastKnownFileType = sourcecode.c.objc; name = main.m; path = ../../Lab1/Lab2/main.m; sourceTree = "<group>"; };
		2E1D612F25E73E5500F4EBAB /* Box.h */ = {isa = PBXFileReference; fileEncoding = 4; lastKnownFileType = sourcecode.c.h; name = Box.h; path = ../../Lab1/Lab2/Box.h; sourceTree = "<group>"; };
		2E1D613825E73EA300F4EBAB /* Lab3 */ = {isa = PBXFileReference; explicitFileType = "compiled.mach-o.executable"; includeInIndex = 0; path = Lab3; sourceTree = BUILT_PRODUCTS_DIR; };
		2E1D613A25E73EA300F4EBAB /* main.m */ = {isa = PBXFileReference; lastKnownFileType = sourcecode.c.objc; path = main.m; sourceTree = "<group>"; };
		2E1D615425E742AA00F4EBAB /* Lab1 */ = {isa = PBXFileReference; explicitFileType = "compiled.mach-o.executable"; includeInIndex = 0; path = Lab1; sourceTree = BUILT_PRODUCTS_DIR; };
		2E1D615625E742AA00F4EBAB /* main.m */ = {isa = PBXFileReference; lastKnownFileType = sourcecode.c.objc; path = main.m; sourceTree = "<group>"; };
		2E1D616425E8219E00F4EBAB /* AdditionQuestion.h */ = {isa = PBXFileReference; lastKnownFileType = sourcecode.c.h; path = AdditionQuestion.h; sourceTree = "<group>"; };
		2E1D616525E8219E00F4EBAB /* AdditionQuestion.m */ = {isa = PBXFileReference; lastKnownFileType = sourcecode.c.objc; path = AdditionQuestion.m; sourceTree = "<group>"; };
		2E1D616A25E82C6200F4EBAB /* InputHandler.h */ = {isa = PBXFileReference; lastKnownFileType = sourcecode.c.h; path = InputHandler.h; sourceTree = "<group>"; };
		2E1D616B25E82C6200F4EBAB /* InputHandler.m */ = {isa = PBXFileReference; lastKnownFileType = sourcecode.c.objc; path = InputHandler.m; sourceTree = "<group>"; };
		2E1D617025E8322000F4EBAB /* ScoreKeeper.h */ = {isa = PBXFileReference; lastKnownFileType = sourcecode.c.h; path = ScoreKeeper.h; sourceTree = "<group>"; };
		2E1D617125E8322000F4EBAB /* ScoreKeeper.m */ = {isa = PBXFileReference; lastKnownFileType = sourcecode.c.objc; path = ScoreKeeper.m; sourceTree = "<group>"; };
		2E1D617D25E869DF00F4EBAB /* Lab4 */ = {isa = PBXFileReference; explicitFileType = "compiled.mach-o.executable"; includeInIndex = 0; path = Lab4; sourceTree = BUILT_PRODUCTS_DIR; };
		2E1D617F25E869DF00F4EBAB /* main.m */ = {isa = PBXFileReference; lastKnownFileType = sourcecode.c.objc; path = main.m; sourceTree = "<group>"; };
		2E1D618925E976F800F4EBAB /* InputCollector.h */ = {isa = PBXFileReference; lastKnownFileType = sourcecode.c.h; path = InputCollector.h; sourceTree = "<group>"; };
		2E1D618A25E976F800F4EBAB /* InputCollector.m */ = {isa = PBXFileReference; lastKnownFileType = sourcecode.c.objc; path = InputCollector.m; sourceTree = "<group>"; };
		2E1D619025E9CC6D00F4EBAB /* Contact.h */ = {isa = PBXFileReference; lastKnownFileType = sourcecode.c.h; path = Contact.h; sourceTree = "<group>"; };
		2E1D619125E9CC6D00F4EBAB /* Contact.m */ = {isa = PBXFileReference; lastKnownFileType = sourcecode.c.objc; path = Contact.m; sourceTree = "<group>"; };
		2E1D619725EAE08F00F4EBAB /* ContactList.h */ = {isa = PBXFileReference; lastKnownFileType = sourcecode.c.h; path = ContactList.h; sourceTree = "<group>"; };
		2E1D619825EAE08F00F4EBAB /* ContactList.m */ = {isa = PBXFileReference; lastKnownFileType = sourcecode.c.objc; path = ContactList.m; sourceTree = "<group>"; };
		2E1D61AC25EEBD6600F4EBAB /* QuestionManager.h */ = {isa = PBXFileReference; lastKnownFileType = sourcecode.c.h; path = QuestionManager.h; sourceTree = "<group>"; };
		2E1D61AD25EEBD6600F4EBAB /* QuestionManager.m */ = {isa = PBXFileReference; lastKnownFileType = sourcecode.c.objc; path = QuestionManager.m; sourceTree = "<group>"; };
		2E5EF5AF25F00FD900F4488C /* Question.h */ = {isa = PBXFileReference; lastKnownFileType = sourcecode.c.h; path = Question.h; sourceTree = "<group>"; };
		2E5EF5B025F00FD900F4488C /* Question.m */ = {isa = PBXFileReference; lastKnownFileType = sourcecode.c.objc; path = Question.m; sourceTree = "<group>"; };
		2E5EF5B625F025D800F4488C /* SubstractionQuestion.h */ = {isa = PBXFileReference; lastKnownFileType = sourcecode.c.h; path = SubstractionQuestion.h; sourceTree = "<group>"; };
		2E5EF5B725F025D800F4488C /* SubstractionQuestion.m */ = {isa = PBXFileReference; lastKnownFileType = sourcecode.c.objc; path = SubstractionQuestion.m; sourceTree = "<group>"; };
		2E5EF5BD25F028E200F4488C /* QuestionFactory.h */ = {isa = PBXFileReference; lastKnownFileType = sourcecode.c.h; path = QuestionFactory.h; sourceTree = "<group>"; };
		2E5EF5BE25F028E200F4488C /* QuestionFactory.m */ = {isa = PBXFileReference; lastKnownFileType = sourcecode.c.objc; path = QuestionFactory.m; sourceTree = "<group>"; };
		2E5FDB7425F0790100653BCD /* Lab10 */ = {isa = PBXFileReference; explicitFileType = "compiled.mach-o.executable"; includeInIndex = 0; path = Lab10; sourceTree = BUILT_PRODUCTS_DIR; };
		2E5FDB7625F0790100653BCD /* main.m */ = {isa = PBXFileReference; lastKnownFileType = sourcecode.c.objc; path = main.m; sourceTree = "<group>"; };
		2E5FDB8025F085BF00653BCD /* PaymentGateway.h */ = {isa = PBXFileReference; lastKnownFileType = sourcecode.c.h; path = PaymentGateway.h; sourceTree = "<group>"; };
		2E5FDB8125F085BF00653BCD /* PaymentGateway.m */ = {isa = PBXFileReference; lastKnownFileType = sourcecode.c.objc; path = PaymentGateway.m; sourceTree = "<group>"; };
		2E5FDB8825F0C35800653BCD /* StripePaymentService.h */ = {isa = PBXFileReference; lastKnownFileType = sourcecode.c.h; path = StripePaymentService.h; sourceTree = "<group>"; };
		2E5FDB8925F0C35800653BCD /* StripePaymentService.m */ = {isa = PBXFileReference; lastKnownFileType = sourcecode.c.objc; path = StripePaymentService.m; sourceTree = "<group>"; };
		2E5FDB9025F0C37000653BCD /* PaypalPaymentService.h */ = {isa = PBXFileReference; lastKnownFileType = sourcecode.c.h; path = PaypalPaymentService.h; sourceTree = "<group>"; };
		2E5FDB9125F0C37000653BCD /* PaypalPaymentService.m */ = {isa = PBXFileReference; lastKnownFileType = sourcecode.c.objc; path = PaypalPaymentService.m; sourceTree = "<group>"; };
		2E5FDB9825F0C38600653BCD /* AmazonPaymentService.h */ = {isa = PBXFileReference; lastKnownFileType = sourcecode.c.h; path = AmazonPaymentService.h; sourceTree = "<group>"; };
		2E5FDB9925F0C38600653BCD /* AmazonPaymentService.m */ = {isa = PBXFileReference; lastKnownFileType = sourcecode.c.objc; path = AmazonPaymentService.m; sourceTree = "<group>"; };
		2E5FDBA125F15C2600653BCD /* ApplePaymentService.h */ = {isa = PBXFileReference; lastKnownFileType = sourcecode.c.h; path = ApplePaymentService.h; sourceTree = "<group>"; };
		2E5FDBA225F15C2600653BCD /* ApplePaymentService.m */ = {isa = PBXFileReference; lastKnownFileType = sourcecode.c.objc; path = ApplePaymentService.m; sourceTree = "<group>"; };
		2E5FDBAD25F160A500653BCD /* Lab9 */ = {isa = PBXFileReference; explicitFileType = "compiled.mach-o.executable"; includeInIndex = 0; path = Lab9; sourceTree = BUILT_PRODUCTS_DIR; };
		2E5FDBAF25F160A500653BCD /* main.m */ = {isa = PBXFileReference; lastKnownFileType = sourcecode.c.objc; path = main.m; sourceTree = "<group>"; };
		2E5FDBDB25F168EC00653BCD /* Greeter.m */ = {isa = PBXFileReference; fileEncoding = 4; lastKnownFileType = sourcecode.c.objc; path = Greeter.m; sourceTree = "<group>"; };
		2E5FDBDC25F168EC00653BCD /* Greeter.h */ = {isa = PBXFileReference; fileEncoding = 4; lastKnownFileType = sourcecode.c.h; path = Greeter.h; sourceTree = "<group>"; };
		2E5FDBE425F168F800653BCD /* FriendlyGreetingDecider.m */ = {isa = PBXFileReference; fileEncoding = 4; lastKnownFileType = sourcecode.c.objc; path = FriendlyGreetingDecider.m; sourceTree = "<group>"; };
		2E5FDBE525F168F800653BCD /* FriendlyGreetingDecider.h */ = {isa = PBXFileReference; fileEncoding = 4; lastKnownFileType = sourcecode.c.h; path = FriendlyGreetingDecider.h; sourceTree = "<group>"; };
		2E5FDBFB25F1699B00653BCD /* Lab9-1 */ = {isa = PBXFileReference; explicitFileType = "compiled.mach-o.executable"; includeInIndex = 0; path = "Lab9-1"; sourceTree = BUILT_PRODUCTS_DIR; };
		2E5FDC3D25F1A1CD00653BCD /* Lab8 */ = {isa = PBXFileReference; explicitFileType = "compiled.mach-o.executable"; includeInIndex = 0; path = Lab8; sourceTree = BUILT_PRODUCTS_DIR; };
		2E5FDC4C25F1A2A200653BCD /* Pizza.m */ = {isa = PBXFileReference; fileEncoding = 4; lastKnownFileType = sourcecode.c.objc; path = Pizza.m; sourceTree = "<group>"; };
		2E5FDC4D25F1A2A200653BCD /* PizzaRestaurant-Prefix.pch */ = {isa = PBXFileReference; fileEncoding = 4; lastKnownFileType = sourcecode.c.h; path = "PizzaRestaurant-Prefix.pch"; sourceTree = "<group>"; };
		2E5FDC4E25F1A2A200653BCD /* Kitchen.m */ = {isa = PBXFileReference; fileEncoding = 4; lastKnownFileType = sourcecode.c.objc; path = Kitchen.m; sourceTree = "<group>"; };
		2E5FDC4F25F1A2A200653BCD /* Kitchen.h */ = {isa = PBXFileReference; fileEncoding = 4; lastKnownFileType = sourcecode.c.h; path = Kitchen.h; sourceTree = "<group>"; };
		2E5FDC5025F1A2A300653BCD /* Pizza.h */ = {isa = PBXFileReference; fileEncoding = 4; lastKnownFileType = sourcecode.c.h; path = Pizza.h; sourceTree = "<group>"; };
		2E5FDC5125F1A2A300653BCD /* main.m */ = {isa = PBXFileReference; fileEncoding = 4; lastKnownFileType = sourcecode.c.objc; path = main.m; sourceTree = "<group>"; };
/* End PBXFileReference section */

/* Begin PBXFrameworksBuildPhase section */
		2E1D612125E73E2800F4EBAB /* Frameworks */ = {
			isa = PBXFrameworksBuildPhase;
			buildActionMask = 2147483647;
			files = (
			);
			runOnlyForDeploymentPostprocessing = 0;
		};
		2E1D613525E73EA300F4EBAB /* Frameworks */ = {
			isa = PBXFrameworksBuildPhase;
			buildActionMask = 2147483647;
			files = (
			);
			runOnlyForDeploymentPostprocessing = 0;
		};
		2E1D615125E742AA00F4EBAB /* Frameworks */ = {
			isa = PBXFrameworksBuildPhase;
			buildActionMask = 2147483647;
			files = (
			);
			runOnlyForDeploymentPostprocessing = 0;
		};
		2E1D617A25E869DF00F4EBAB /* Frameworks */ = {
			isa = PBXFrameworksBuildPhase;
			buildActionMask = 2147483647;
			files = (
			);
			runOnlyForDeploymentPostprocessing = 0;
		};
		2E5FDB7125F0790100653BCD /* Frameworks */ = {
			isa = PBXFrameworksBuildPhase;
			buildActionMask = 2147483647;
			files = (
			);
			runOnlyForDeploymentPostprocessing = 0;
		};
		2E5FDBAA25F160A500653BCD /* Frameworks */ = {
			isa = PBXFrameworksBuildPhase;
			buildActionMask = 2147483647;
			files = (
			);
			runOnlyForDeploymentPostprocessing = 0;
		};
		2E5FDBF825F1699B00653BCD /* Frameworks */ = {
			isa = PBXFrameworksBuildPhase;
			buildActionMask = 2147483647;
			files = (
			);
			runOnlyForDeploymentPostprocessing = 0;
		};
		2E5FDC3A25F1A1CD00653BCD /* Frameworks */ = {
			isa = PBXFrameworksBuildPhase;
			buildActionMask = 2147483647;
			files = (
			);
			runOnlyForDeploymentPostprocessing = 0;
		};
/* End PBXFrameworksBuildPhase section */

/* Begin PBXGroup section */
		2E1D610725E73DE200F4EBAB = {
			isa = PBXGroup;
			children = (
				2E1D615525E742AA00F4EBAB /* Lab1 */,
				2E1D612525E73E2800F4EBAB /* Lab2 */,
				2E1D613925E73EA300F4EBAB /* Lab3 */,
				2E1D617E25E869DF00F4EBAB /* Lab4 */,
				2E5FDBAE25F160A500653BCD /* Lab9 */,
				2E5FDB7525F0790100653BCD /* Lab10 */,
				2E5FDC3E25F1A1CD00653BCD /* Lab8 */,
				2E1D611125E73DE200F4EBAB /* Products */,
			);
			sourceTree = "<group>";
		};
		2E1D611125E73DE200F4EBAB /* Products */ = {
			isa = PBXGroup;
			children = (
				2E1D612425E73E2800F4EBAB /* Lab2 */,
				2E1D613825E73EA300F4EBAB /* Lab3 */,
				2E1D615425E742AA00F4EBAB /* Lab1 */,
				2E1D617D25E869DF00F4EBAB /* Lab4 */,
				2E5FDB7425F0790100653BCD /* Lab10 */,
				2E5FDBAD25F160A500653BCD /* Lab9 */,
				2E5FDBFB25F1699B00653BCD /* Lab9-1 */,
				2E5FDC3D25F1A1CD00653BCD /* Lab8 */,
			);
			name = Products;
			sourceTree = "<group>";
		};
		2E1D612525E73E2800F4EBAB /* Lab2 */ = {
			isa = PBXGroup;
			children = (
				2E1D612F25E73E5500F4EBAB /* Box.h */,
				2E1D612D25E73E5500F4EBAB /* Box.m */,
				2E1D612E25E73E5500F4EBAB /* main.m */,
			);
			path = Lab2;
			sourceTree = "<group>";
		};
		2E1D613925E73EA300F4EBAB /* Lab3 */ = {
			isa = PBXGroup;
			children = (
				2E1D613A25E73EA300F4EBAB /* main.m */,
				2E1D616425E8219E00F4EBAB /* AdditionQuestion.h */,
				2E1D616525E8219E00F4EBAB /* AdditionQuestion.m */,
				2E1D616A25E82C6200F4EBAB /* InputHandler.h */,
				2E1D616B25E82C6200F4EBAB /* InputHandler.m */,
				2E1D617025E8322000F4EBAB /* ScoreKeeper.h */,
				2E1D617125E8322000F4EBAB /* ScoreKeeper.m */,
				2E1D61AC25EEBD6600F4EBAB /* QuestionManager.h */,
				2E1D61AD25EEBD6600F4EBAB /* QuestionManager.m */,
				2E5EF5AF25F00FD900F4488C /* Question.h */,
				2E5EF5B025F00FD900F4488C /* Question.m */,
				2E5EF5B625F025D800F4488C /* SubstractionQuestion.h */,
				2E5EF5B725F025D800F4488C /* SubstractionQuestion.m */,
				2E5EF5BD25F028E200F4488C /* QuestionFactory.h */,
				2E5EF5BE25F028E200F4488C /* QuestionFactory.m */,
			);
			path = Lab3;
			sourceTree = "<group>";
		};
		2E1D615525E742AA00F4EBAB /* Lab1 */ = {
			isa = PBXGroup;
			children = (
				2E1D615625E742AA00F4EBAB /* main.m */,
			);
			path = Lab1;
			sourceTree = "<group>";
		};
		2E1D617E25E869DF00F4EBAB /* Lab4 */ = {
			isa = PBXGroup;
			children = (
				2E1D617F25E869DF00F4EBAB /* main.m */,
				2E1D618925E976F800F4EBAB /* InputCollector.h */,
				2E1D618A25E976F800F4EBAB /* InputCollector.m */,
				2E1D619025E9CC6D00F4EBAB /* Contact.h */,
				2E1D619125E9CC6D00F4EBAB /* Contact.m */,
				2E1D619725EAE08F00F4EBAB /* ContactList.h */,
				2E1D619825EAE08F00F4EBAB /* ContactList.m */,
			);
			path = Lab4;
			sourceTree = "<group>";
		};
		2E5FDB7525F0790100653BCD /* Lab10 */ = {
			isa = PBXGroup;
			children = (
				2E5FDB7625F0790100653BCD /* main.m */,
				2E5FDB8025F085BF00653BCD /* PaymentGateway.h */,
				2E5FDB8125F085BF00653BCD /* PaymentGateway.m */,
				2E5FDB8825F0C35800653BCD /* StripePaymentService.h */,
				2E5FDB8925F0C35800653BCD /* StripePaymentService.m */,
				2E5FDB9025F0C37000653BCD /* PaypalPaymentService.h */,
				2E5FDB9125F0C37000653BCD /* PaypalPaymentService.m */,
				2E5FDB9825F0C38600653BCD /* AmazonPaymentService.h */,
				2E5FDB9925F0C38600653BCD /* AmazonPaymentService.m */,
				2E5FDBA125F15C2600653BCD /* ApplePaymentService.h */,
				2E5FDBA225F15C2600653BCD /* ApplePaymentService.m */,
			);
			path = Lab10;
			sourceTree = "<group>";
		};
		2E5FDBAE25F160A500653BCD /* Lab9 */ = {
			isa = PBXGroup;
			children = (
				2E5FDBAF25F160A500653BCD /* main.m */,
				2E5FDBDC25F168EC00653BCD /* Greeter.h */,
				2E5FDBDB25F168EC00653BCD /* Greeter.m */,
				2E5FDBE525F168F800653BCD /* FriendlyGreetingDecider.h */,
				2E5FDBE425F168F800653BCD /* FriendlyGreetingDecider.m */,
			);
			path = Lab9;
			sourceTree = "<group>";
		};
		2E5FDC3E25F1A1CD00653BCD /* Lab8 */ = {
			isa = PBXGroup;
			children = (
				2E5FDC4F25F1A2A200653BCD /* Kitchen.h */,
				2E5FDC4E25F1A2A200653BCD /* Kitchen.m */,
				2E5FDC5125F1A2A300653BCD /* main.m */,
				2E5FDC5025F1A2A300653BCD /* Pizza.h */,
				2E5FDC4C25F1A2A200653BCD /* Pizza.m */,
				2E5FDC4D25F1A2A200653BCD /* PizzaRestaurant-Prefix.pch */,
			);
			path = Lab8;
			sourceTree = "<group>";
		};
/* End PBXGroup section */

/* Begin PBXNativeTarget section */
		2E1D612325E73E2800F4EBAB /* Lab2 */ = {
			isa = PBXNativeTarget;
			buildConfigurationList = 2E1D612825E73E2800F4EBAB /* Build configuration list for PBXNativeTarget "Lab2" */;
			buildPhases = (
				2E1D612025E73E2800F4EBAB /* Sources */,
				2E1D612125E73E2800F4EBAB /* Frameworks */,
				2E1D612225E73E2800F4EBAB /* CopyFiles */,
			);
			buildRules = (
			);
			dependencies = (
			);
			name = Lab2;
			productName = Lab2;
			productReference = 2E1D612425E73E2800F4EBAB /* Lab2 */;
			productType = "com.apple.product-type.tool";
		};
		2E1D613725E73EA300F4EBAB /* Lab3 */ = {
			isa = PBXNativeTarget;
			buildConfigurationList = 2E1D613C25E73EA300F4EBAB /* Build configuration list for PBXNativeTarget "Lab3" */;
			buildPhases = (
				2E1D613425E73EA300F4EBAB /* Sources */,
				2E1D613525E73EA300F4EBAB /* Frameworks */,
				2E1D613625E73EA300F4EBAB /* CopyFiles */,
			);
			buildRules = (
			);
			dependencies = (
			);
			name = Lab3;
			productName = Lab3;
			productReference = 2E1D613825E73EA300F4EBAB /* Lab3 */;
			productType = "com.apple.product-type.tool";
		};
		2E1D615325E742AA00F4EBAB /* Lab1 */ = {
			isa = PBXNativeTarget;
			buildConfigurationList = 2E1D615825E742AA00F4EBAB /* Build configuration list for PBXNativeTarget "Lab1" */;
			buildPhases = (
				2E1D615025E742AA00F4EBAB /* Sources */,
				2E1D615125E742AA00F4EBAB /* Frameworks */,
				2E1D615225E742AA00F4EBAB /* CopyFiles */,
			);
			buildRules = (
			);
			dependencies = (
			);
			name = Lab1;
			productName = Lab1;
			productReference = 2E1D615425E742AA00F4EBAB /* Lab1 */;
			productType = "com.apple.product-type.tool";
		};
		2E1D617C25E869DF00F4EBAB /* Lab4 */ = {
			isa = PBXNativeTarget;
			buildConfigurationList = 2E1D618325E869DF00F4EBAB /* Build configuration list for PBXNativeTarget "Lab4" */;
			buildPhases = (
				2E1D617925E869DF00F4EBAB /* Sources */,
				2E1D617A25E869DF00F4EBAB /* Frameworks */,
				2E1D617B25E869DF00F4EBAB /* CopyFiles */,
			);
			buildRules = (
			);
			dependencies = (
			);
			name = Lab4;
			productName = Lab4;
			productReference = 2E1D617D25E869DF00F4EBAB /* Lab4 */;
			productType = "com.apple.product-type.tool";
		};
		2E5FDB7325F0790100653BCD /* Lab10 */ = {
			isa = PBXNativeTarget;
			buildConfigurationList = 2E5FDB7A25F0790100653BCD /* Build configuration list for PBXNativeTarget "Lab10" */;
			buildPhases = (
				2E5FDB7025F0790100653BCD /* Sources */,
				2E5FDB7125F0790100653BCD /* Frameworks */,
				2E5FDB7225F0790100653BCD /* CopyFiles */,
			);
			buildRules = (
			);
			dependencies = (
			);
			name = Lab10;
			productName = Lab10;
			productReference = 2E5FDB7425F0790100653BCD /* Lab10 */;
			productType = "com.apple.product-type.tool";
		};
		2E5FDBAC25F160A500653BCD /* Lab9 */ = {
			isa = PBXNativeTarget;
			buildConfigurationList = 2E5FDBB125F160A500653BCD /* Build configuration list for PBXNativeTarget "Lab9" */;
			buildPhases = (
				2E5FDBA925F160A500653BCD /* Sources */,
				2E5FDBAA25F160A500653BCD /* Frameworks */,
				2E5FDBAB25F160A500653BCD /* CopyFiles */,
			);
			buildRules = (
			);
			dependencies = (
			);
			name = Lab9;
			productName = Lab9;
			productReference = 2E5FDBAD25F160A500653BCD /* Lab9 */;
			productType = "com.apple.product-type.tool";
		};
		2E5FDBFA25F1699B00653BCD /* Lab9-1 */ = {
			isa = PBXNativeTarget;
			buildConfigurationList = 2E5FDBFF25F1699B00653BCD /* Build configuration list for PBXNativeTarget "Lab9-1" */;
			buildPhases = (
				2E5FDBF725F1699B00653BCD /* Sources */,
				2E5FDBF825F1699B00653BCD /* Frameworks */,
				2E5FDBF925F1699B00653BCD /* CopyFiles */,
			);
			buildRules = (
			);
			dependencies = (
			);
			name = "Lab9-1";
			productName = "Lab9-1";
			productReference = 2E5FDBFB25F1699B00653BCD /* Lab9-1 */;
			productType = "com.apple.product-type.tool";
		};
		2E5FDC3C25F1A1CD00653BCD /* Lab8 */ = {
			isa = PBXNativeTarget;
			buildConfigurationList = 2E5FDC4325F1A1CD00653BCD /* Build configuration list for PBXNativeTarget "Lab8" */;
			buildPhases = (
				2E5FDC3925F1A1CD00653BCD /* Sources */,
				2E5FDC3A25F1A1CD00653BCD /* Frameworks */,
				2E5FDC3B25F1A1CD00653BCD /* CopyFiles */,
			);
			buildRules = (
			);
			dependencies = (
			);
			name = Lab8;
			productName = Lab8;
			productReference = 2E5FDC3D25F1A1CD00653BCD /* Lab8 */;
			productType = "com.apple.product-type.tool";
		};
/* End PBXNativeTarget section */

/* Begin PBXProject section */
		2E1D610825E73DE200F4EBAB /* Project object */ = {
			isa = PBXProject;
			attributes = {
				LastUpgradeCheck = 1240;
				TargetAttributes = {
					2E1D612325E73E2800F4EBAB = {
						CreatedOnToolsVersion = 12.4;
					};
					2E1D613725E73EA300F4EBAB = {
						CreatedOnToolsVersion = 12.4;
					};
					2E1D615325E742AA00F4EBAB = {
						CreatedOnToolsVersion = 12.4;
					};
					2E1D617C25E869DF00F4EBAB = {
						CreatedOnToolsVersion = 12.4;
					};
					2E5FDB7325F0790100653BCD = {
						CreatedOnToolsVersion = 12.4;
					};
					2E5FDBAC25F160A500653BCD = {
						CreatedOnToolsVersion = 12.4;
					};
					2E5FDBFA25F1699B00653BCD = {
						CreatedOnToolsVersion = 12.4;
					};
					2E5FDC3C25F1A1CD00653BCD = {
						CreatedOnToolsVersion = 12.4;
					};
				};
			};
			buildConfigurationList = 2E1D610B25E73DE200F4EBAB /* Build configuration list for PBXProject "Lab" */;
			compatibilityVersion = "Xcode 9.3";
			developmentRegion = en;
			hasScannedForEncodings = 0;
			knownRegions = (
				en,
				Base,
			);
			mainGroup = 2E1D610725E73DE200F4EBAB;
			productRefGroup = 2E1D611125E73DE200F4EBAB /* Products */;
			projectDirPath = "";
			projectRoot = "";
			targets = (
				2E1D615325E742AA00F4EBAB /* Lab1 */,
				2E1D612325E73E2800F4EBAB /* Lab2 */,
				2E1D613725E73EA300F4EBAB /* Lab3 */,
				2E1D617C25E869DF00F4EBAB /* Lab4 */,
				2E5FDB7325F0790100653BCD /* Lab10 */,
				2E5FDBAC25F160A500653BCD /* Lab9 */,
				2E5FDBFA25F1699B00653BCD /* Lab9-1 */,
				2E5FDC3C25F1A1CD00653BCD /* Lab8 */,
			);
		};
/* End PBXProject section */

/* Begin PBXSourcesBuildPhase section */
		2E1D612025E73E2800F4EBAB /* Sources */ = {
			isa = PBXSourcesBuildPhase;
			buildActionMask = 2147483647;
			files = (
				2E1D613125E73E5500F4EBAB /* main.m in Sources */,
				2E1D613025E73E5500F4EBAB /* Box.m in Sources */,
			);
			runOnlyForDeploymentPostprocessing = 0;
		};
		2E1D613425E73EA300F4EBAB /* Sources */ = {
			isa = PBXSourcesBuildPhase;
			buildActionMask = 2147483647;
			files = (
				2E1D61AE25EEBD6600F4EBAB /* QuestionManager.m in Sources */,
				2E1D617225E8322000F4EBAB /* ScoreKeeper.m in Sources */,
				2E1D613B25E73EA300F4EBAB /* main.m in Sources */,
				2E5EF5B125F00FD900F4488C /* Question.m in Sources */,
				2E5EF5BF25F028E200F4488C /* QuestionFactory.m in Sources */,
				2E1D616C25E82C6200F4EBAB /* InputHandler.m in Sources */,
				2E1D616625E8219E00F4EBAB /* AdditionQuestion.m in Sources */,
				2E5EF5B825F025D800F4488C /* SubstractionQuestion.m in Sources */,
			);
			runOnlyForDeploymentPostprocessing = 0;
		};
		2E1D615025E742AA00F4EBAB /* Sources */ = {
			isa = PBXSourcesBuildPhase;
			buildActionMask = 2147483647;
			files = (
				2E1D615725E742AA00F4EBAB /* main.m in Sources */,
			);
			runOnlyForDeploymentPostprocessing = 0;
		};
		2E1D617925E869DF00F4EBAB /* Sources */ = {
			isa = PBXSourcesBuildPhase;
			buildActionMask = 2147483647;
			files = (
				2E1D619925EAE08F00F4EBAB /* ContactList.m in Sources */,
				2E1D618B25E976F800F4EBAB /* InputCollector.m in Sources */,
				2E1D619225E9CC6D00F4EBAB /* Contact.m in Sources */,
				2E1D618025E869DF00F4EBAB /* main.m in Sources */,
			);
			runOnlyForDeploymentPostprocessing = 0;
		};
		2E5FDB7025F0790100653BCD /* Sources */ = {
			isa = PBXSourcesBuildPhase;
			buildActionMask = 2147483647;
			files = (
				2E5FDB7725F0790100653BCD /* main.m in Sources */,
				2E5FDB9A25F0C38600653BCD /* AmazonPaymentService.m in Sources */,
				2E5FDB8A25F0C35800653BCD /* StripePaymentService.m in Sources */,
				2E5FDBA325F15C2600653BCD /* ApplePaymentService.m in Sources */,
				2E5FDB8225F085BF00653BCD /* PaymentGateway.m in Sources */,
				2E5FDB9225F0C37000653BCD /* PaypalPaymentService.m in Sources */,
			);
			runOnlyForDeploymentPostprocessing = 0;
		};
		2E5FDBA925F160A500653BCD /* Sources */ = {
			isa = PBXSourcesBuildPhase;
			buildActionMask = 2147483647;
			files = (
				2E5FDBB025F160A500653BCD /* main.m in Sources */,
				2E5FDC1A25F16A5B00653BCD /* FriendlyGreetingDecider.m in Sources */,
				2E5FDC1925F16A5B00653BCD /* Greeter.m in Sources */,
			);
			runOnlyForDeploymentPostprocessing = 0;
		};
		2E5FDBF725F1699B00653BCD /* Sources */ = {
			isa = PBXSourcesBuildPhase;
			buildActionMask = 2147483647;
			files = (
			);
			runOnlyForDeploymentPostprocessing = 0;
		};
		2E5FDC3925F1A1CD00653BCD /* Sources */ = {
			isa = PBXSourcesBuildPhase;
			buildActionMask = 2147483647;
			files = (
				2E5FDC5325F1A2A300653BCD /* Kitchen.m in Sources */,
				2E5FDC5425F1A2A300653BCD /* main.m in Sources */,
				2E5FDC5225F1A2A300653BCD /* Pizza.m in Sources */,
			);
			runOnlyForDeploymentPostprocessing = 0;
		};
/* End PBXSourcesBuildPhase section */

/* Begin XCBuildConfiguration section */
		2E1D611525E73DE200F4EBAB /* Debug */ = {
			isa = XCBuildConfiguration;
			buildSettings = {
				ALWAYS_SEARCH_USER_PATHS = NO;
				CLANG_ANALYZER_NONNULL = YES;
				CLANG_ANALYZER_NUMBER_OBJECT_CONVERSION = YES_AGGRESSIVE;
				CLANG_CXX_LANGUAGE_STANDARD = "gnu++14";
				CLANG_CXX_LIBRARY = "libc++";
				CLANG_ENABLE_MODULES = YES;
				CLANG_ENABLE_OBJC_ARC = YES;
				CLANG_ENABLE_OBJC_WEAK = YES;
				CLANG_WARN_BLOCK_CAPTURE_AUTORELEASING = YES;
				CLANG_WARN_BOOL_CONVERSION = YES;
				CLANG_WARN_COMMA = YES;
				CLANG_WARN_CONSTANT_CONVERSION = YES;
				CLANG_WARN_DEPRECATED_OBJC_IMPLEMENTATIONS = YES;
				CLANG_WARN_DIRECT_OBJC_ISA_USAGE = YES_ERROR;
				CLANG_WARN_DOCUMENTATION_COMMENTS = YES;
				CLANG_WARN_EMPTY_BODY = YES;
				CLANG_WARN_ENUM_CONVERSION = YES;
				CLANG_WARN_INFINITE_RECURSION = YES;
				CLANG_WARN_INT_CONVERSION = YES;
				CLANG_WARN_NON_LITERAL_NULL_CONVERSION = YES;
				CLANG_WARN_OBJC_IMPLICIT_RETAIN_SELF = YES;
				CLANG_WARN_OBJC_LITERAL_CONVERSION = YES;
				CLANG_WARN_OBJC_ROOT_CLASS = YES_ERROR;
				CLANG_WARN_QUOTED_INCLUDE_IN_FRAMEWORK_HEADER = YES;
				CLANG_WARN_RANGE_LOOP_ANALYSIS = YES;
				CLANG_WARN_STRICT_PROTOTYPES = YES;
				CLANG_WARN_SUSPICIOUS_MOVE = YES;
				CLANG_WARN_UNGUARDED_AVAILABILITY = YES_AGGRESSIVE;
				CLANG_WARN_UNREACHABLE_CODE = YES;
				CLANG_WARN__DUPLICATE_METHOD_MATCH = YES;
				COPY_PHASE_STRIP = NO;
				DEBUG_INFORMATION_FORMAT = dwarf;
				ENABLE_STRICT_OBJC_MSGSEND = YES;
				ENABLE_TESTABILITY = YES;
				GCC_C_LANGUAGE_STANDARD = gnu11;
				GCC_DYNAMIC_NO_PIC = NO;
				GCC_NO_COMMON_BLOCKS = YES;
				GCC_OPTIMIZATION_LEVEL = 0;
				GCC_PREPROCESSOR_DEFINITIONS = (
					"DEBUG=1",
					"$(inherited)",
				);
				GCC_WARN_64_TO_32_BIT_CONVERSION = YES;
				GCC_WARN_ABOUT_RETURN_TYPE = YES_ERROR;
				GCC_WARN_UNDECLARED_SELECTOR = YES;
				GCC_WARN_UNINITIALIZED_AUTOS = YES_AGGRESSIVE;
				GCC_WARN_UNUSED_FUNCTION = YES;
				GCC_WARN_UNUSED_VARIABLE = YES;
				MACOSX_DEPLOYMENT_TARGET = 10.15;
				MTL_ENABLE_DEBUG_INFO = INCLUDE_SOURCE;
				MTL_FAST_MATH = YES;
				ONLY_ACTIVE_ARCH = YES;
				SDKROOT = macosx;
			};
			name = Debug;
		};
		2E1D611625E73DE200F4EBAB /* Release */ = {
			isa = XCBuildConfiguration;
			buildSettings = {
				ALWAYS_SEARCH_USER_PATHS = NO;
				CLANG_ANALYZER_NONNULL = YES;
				CLANG_ANALYZER_NUMBER_OBJECT_CONVERSION = YES_AGGRESSIVE;
				CLANG_CXX_LANGUAGE_STANDARD = "gnu++14";
				CLANG_CXX_LIBRARY = "libc++";
				CLANG_ENABLE_MODULES = YES;
				CLANG_ENABLE_OBJC_ARC = YES;
				CLANG_ENABLE_OBJC_WEAK = YES;
				CLANG_WARN_BLOCK_CAPTURE_AUTORELEASING = YES;
				CLANG_WARN_BOOL_CONVERSION = YES;
				CLANG_WARN_COMMA = YES;
				CLANG_WARN_CONSTANT_CONVERSION = YES;
				CLANG_WARN_DEPRECATED_OBJC_IMPLEMENTATIONS = YES;
				CLANG_WARN_DIRECT_OBJC_ISA_USAGE = YES_ERROR;
				CLANG_WARN_DOCUMENTATION_COMMENTS = YES;
				CLANG_WARN_EMPTY_BODY = YES;
				CLANG_WARN_ENUM_CONVERSION = YES;
				CLANG_WARN_INFINITE_RECURSION = YES;
				CLANG_WARN_INT_CONVERSION = YES;
				CLANG_WARN_NON_LITERAL_NULL_CONVERSION = YES;
				CLANG_WARN_OBJC_IMPLICIT_RETAIN_SELF = YES;
				CLANG_WARN_OBJC_LITERAL_CONVERSION = YES;
				CLANG_WARN_OBJC_ROOT_CLASS = YES_ERROR;
				CLANG_WARN_QUOTED_INCLUDE_IN_FRAMEWORK_HEADER = YES;
				CLANG_WARN_RANGE_LOOP_ANALYSIS = YES;
				CLANG_WARN_STRICT_PROTOTYPES = YES;
				CLANG_WARN_SUSPICIOUS_MOVE = YES;
				CLANG_WARN_UNGUARDED_AVAILABILITY = YES_AGGRESSIVE;
				CLANG_WARN_UNREACHABLE_CODE = YES;
				CLANG_WARN__DUPLICATE_METHOD_MATCH = YES;
				COPY_PHASE_STRIP = NO;
				DEBUG_INFORMATION_FORMAT = "dwarf-with-dsym";
				ENABLE_NS_ASSERTIONS = NO;
				ENABLE_STRICT_OBJC_MSGSEND = YES;
				GCC_C_LANGUAGE_STANDARD = gnu11;
				GCC_NO_COMMON_BLOCKS = YES;
				GCC_WARN_64_TO_32_BIT_CONVERSION = YES;
				GCC_WARN_ABOUT_RETURN_TYPE = YES_ERROR;
				GCC_WARN_UNDECLARED_SELECTOR = YES;
				GCC_WARN_UNINITIALIZED_AUTOS = YES_AGGRESSIVE;
				GCC_WARN_UNUSED_FUNCTION = YES;
				GCC_WARN_UNUSED_VARIABLE = YES;
				MACOSX_DEPLOYMENT_TARGET = 10.15;
				MTL_ENABLE_DEBUG_INFO = NO;
				MTL_FAST_MATH = YES;
				SDKROOT = macosx;
			};
			name = Release;
		};
		2E1D612925E73E2800F4EBAB /* Debug */ = {
			isa = XCBuildConfiguration;
			buildSettings = {
				CODE_SIGN_STYLE = Automatic;
				DEVELOPMENT_TEAM = JN53LP5Q35;
				ENABLE_HARDENED_RUNTIME = YES;
				PRODUCT_NAME = "$(TARGET_NAME)";
			};
			name = Debug;
		};
		2E1D612A25E73E2800F4EBAB /* Release */ = {
			isa = XCBuildConfiguration;
			buildSettings = {
				CODE_SIGN_STYLE = Automatic;
				DEVELOPMENT_TEAM = JN53LP5Q35;
				ENABLE_HARDENED_RUNTIME = YES;
				PRODUCT_NAME = "$(TARGET_NAME)";
			};
			name = Release;
		};
		2E1D613D25E73EA300F4EBAB /* Debug */ = {
			isa = XCBuildConfiguration;
			buildSettings = {
				CODE_SIGN_STYLE = Automatic;
				DEVELOPMENT_TEAM = JN53LP5Q35;
				ENABLE_HARDENED_RUNTIME = YES;
				PRODUCT_NAME = "$(TARGET_NAME)";
			};
			name = Debug;
		};
		2E1D613E25E73EA300F4EBAB /* Release */ = {
			isa = XCBuildConfiguration;
			buildSettings = {
				CODE_SIGN_STYLE = Automatic;
				DEVELOPMENT_TEAM = JN53LP5Q35;
				ENABLE_HARDENED_RUNTIME = YES;
				PRODUCT_NAME = "$(TARGET_NAME)";
			};
			name = Release;
		};
		2E1D615925E742AA00F4EBAB /* Debug */ = {
			isa = XCBuildConfiguration;
			buildSettings = {
				CODE_SIGN_STYLE = Automatic;
				DEVELOPMENT_TEAM = JN53LP5Q35;
				ENABLE_HARDENED_RUNTIME = YES;
				PRODUCT_NAME = "$(TARGET_NAME)";
			};
			name = Debug;
		};
		2E1D615A25E742AA00F4EBAB /* Release */ = {
			isa = XCBuildConfiguration;
			buildSettings = {
				CODE_SIGN_STYLE = Automatic;
				DEVELOPMENT_TEAM = JN53LP5Q35;
				ENABLE_HARDENED_RUNTIME = YES;
				PRODUCT_NAME = "$(TARGET_NAME)";
			};
			name = Release;
		};
		2E1D618125E869DF00F4EBAB /* Debug */ = {
			isa = XCBuildConfiguration;
			buildSettings = {
				CODE_SIGN_STYLE = Automatic;
				DEVELOPMENT_TEAM = JN53LP5Q35;
				ENABLE_HARDENED_RUNTIME = YES;
				PRODUCT_NAME = "$(TARGET_NAME)";
			};
			name = Debug;
		};
		2E1D618225E869DF00F4EBAB /* Release */ = {
			isa = XCBuildConfiguration;
			buildSettings = {
				CODE_SIGN_STYLE = Automatic;
				DEVELOPMENT_TEAM = JN53LP5Q35;
				ENABLE_HARDENED_RUNTIME = YES;
				PRODUCT_NAME = "$(TARGET_NAME)";
			};
			name = Release;
		};
		2E5FDB7825F0790100653BCD /* Debug */ = {
			isa = XCBuildConfiguration;
			buildSettings = {
				CODE_SIGN_STYLE = Automatic;
				DEVELOPMENT_TEAM = JN53LP5Q35;
				ENABLE_HARDENED_RUNTIME = YES;
				PRODUCT_NAME = "$(TARGET_NAME)";
			};
			name = Debug;
		};
		2E5FDB7925F0790100653BCD /* Release */ = {
			isa = XCBuildConfiguration;
			buildSettings = {
				CODE_SIGN_STYLE = Automatic;
				DEVELOPMENT_TEAM = JN53LP5Q35;
				ENABLE_HARDENED_RUNTIME = YES;
				PRODUCT_NAME = "$(TARGET_NAME)";
			};
			name = Release;
		};
		2E5FDBB225F160A500653BCD /* Debug */ = {
			isa = XCBuildConfiguration;
			buildSettings = {
				CODE_SIGN_STYLE = Automatic;
				DEVELOPMENT_TEAM = JN53LP5Q35;
				ENABLE_HARDENED_RUNTIME = YES;
				PRODUCT_NAME = "$(TARGET_NAME)";
			};
			name = Debug;
		};
		2E5FDBB325F160A500653BCD /* Release */ = {
			isa = XCBuildConfiguration;
			buildSettings = {
				CODE_SIGN_STYLE = Automatic;
				DEVELOPMENT_TEAM = JN53LP5Q35;
				ENABLE_HARDENED_RUNTIME = YES;
				PRODUCT_NAME = "$(TARGET_NAME)";
			};
			name = Release;
		};
		2E5FDC0025F1699B00653BCD /* Debug */ = {
			isa = XCBuildConfiguration;
			buildSettings = {
				CODE_SIGN_STYLE = Automatic;
				DEVELOPMENT_TEAM = JN53LP5Q35;
				ENABLE_HARDENED_RUNTIME = YES;
				PRODUCT_NAME = "$(TARGET_NAME)";
			};
			name = Debug;
		};
		2E5FDC0125F1699B00653BCD /* Release */ = {
			isa = XCBuildConfiguration;
			buildSettings = {
				CODE_SIGN_STYLE = Automatic;
				DEVELOPMENT_TEAM = JN53LP5Q35;
				ENABLE_HARDENED_RUNTIME = YES;
				PRODUCT_NAME = "$(TARGET_NAME)";
			};
			name = Release;
		};
		2E5FDC4125F1A1CD00653BCD /* Debug */ = {
			isa = XCBuildConfiguration;
			buildSettings = {
				CODE_SIGN_STYLE = Automatic;
				DEVELOPMENT_TEAM = JN53LP5Q35;
				ENABLE_HARDENED_RUNTIME = YES;
				PRODUCT_NAME = "$(TARGET_NAME)";
			};
			name = Debug;
		};
		2E5FDC4225F1A1CD00653BCD /* Release */ = {
			isa = XCBuildConfiguration;
			buildSettings = {
				CODE_SIGN_STYLE = Automatic;
				DEVELOPMENT_TEAM = JN53LP5Q35;
				ENABLE_HARDENED_RUNTIME = YES;
				PRODUCT_NAME = "$(TARGET_NAME)";
			};
			name = Release;
		};
/* End XCBuildConfiguration section */

/* Begin XCConfigurationList section */
		2E1D610B25E73DE200F4EBAB /* Build configuration list for PBXProject "Lab" */ = {
			isa = XCConfigurationList;
			buildConfigurations = (
				2E1D611525E73DE200F4EBAB /* Debug */,
				2E1D611625E73DE200F4EBAB /* Release */,
			);
			defaultConfigurationIsVisible = 0;
			defaultConfigurationName = Release;
		};
		2E1D612825E73E2800F4EBAB /* Build configuration list for PBXNativeTarget "Lab2" */ = {
			isa = XCConfigurationList;
			buildConfigurations = (
				2E1D612925E73E2800F4EBAB /* Debug */,
				2E1D612A25E73E2800F4EBAB /* Release */,
			);
			defaultConfigurationIsVisible = 0;
			defaultConfigurationName = Release;
		};
		2E1D613C25E73EA300F4EBAB /* Build configuration list for PBXNativeTarget "Lab3" */ = {
			isa = XCConfigurationList;
			buildConfigurations = (
				2E1D613D25E73EA300F4EBAB /* Debug */,
				2E1D613E25E73EA300F4EBAB /* Release */,
			);
			defaultConfigurationIsVisible = 0;
			defaultConfigurationName = Release;
		};
		2E1D615825E742AA00F4EBAB /* Build configuration list for PBXNativeTarget "Lab1" */ = {
			isa = XCConfigurationList;
			buildConfigurations = (
				2E1D615925E742AA00F4EBAB /* Debug */,
				2E1D615A25E742AA00F4EBAB /* Release */,
			);
			defaultConfigurationIsVisible = 0;
			defaultConfigurationName = Release;
		};
		2E1D618325E869DF00F4EBAB /* Build configuration list for PBXNativeTarget "Lab4" */ = {
			isa = XCConfigurationList;
			buildConfigurations = (
				2E1D618125E869DF00F4EBAB /* Debug */,
				2E1D618225E869DF00F4EBAB /* Release */,
			);
			defaultConfigurationIsVisible = 0;
			defaultConfigurationName = Release;
		};
		2E5FDB7A25F0790100653BCD /* Build configuration list for PBXNativeTarget "Lab10" */ = {
			isa = XCConfigurationList;
			buildConfigurations = (
				2E5FDB7825F0790100653BCD /* Debug */,
				2E5FDB7925F0790100653BCD /* Release */,
			);
			defaultConfigurationIsVisible = 0;
			defaultConfigurationName = Release;
		};
		2E5FDBB125F160A500653BCD /* Build configuration list for PBXNativeTarget "Lab9" */ = {
			isa = XCConfigurationList;
			buildConfigurations = (
				2E5FDBB225F160A500653BCD /* Debug */,
				2E5FDBB325F160A500653BCD /* Release */,
			);
			defaultConfigurationIsVisible = 0;
			defaultConfigurationName = Release;
		};
		2E5FDBFF25F1699B00653BCD /* Build configuration list for PBXNativeTarget "Lab9-1" */ = {
			isa = XCConfigurationList;
			buildConfigurations = (
				2E5FDC0025F1699B00653BCD /* Debug */,
				2E5FDC0125F1699B00653BCD /* Release */,
			);
			defaultConfigurationIsVisible = 0;
			defaultConfigurationName = Release;
		};
		2E5FDC4325F1A1CD00653BCD /* Build configuration list for PBXNativeTarget "Lab8" */ = {
			isa = XCConfigurationList;
			buildConfigurations = (
				2E5FDC4125F1A1CD00653BCD /* Debug */,
				2E5FDC4225F1A1CD00653BCD /* Release */,
			);
			defaultConfigurationIsVisible = 0;
			defaultConfigurationName = Release;
		};
/* End XCConfigurationList section */
	};
	rootObject = 2E1D610825E73DE200F4EBAB /* Project object */;
}
